
Microsoft Visual Studio Solution File, Format Version 12.00
# Visual Studio Version 17
VisualStudioVersion = 17.9.34728.123
MinimumVisualStudioVersion = 10.0.40219.1
Project("{9A19103F-16F7-4668-BE54-9A1E7A4F7556}") = "HWYDotNetTrainingBatch1.ConsoleApp", "HWYDotNetTrainingBatch1.ConsoleApp\HWYDotNetTrainingBatch1.ConsoleApp.csproj", "{84E55E71-DE6F-408E-AE0B-2B345F890186}"
EndProject
Project("{9A19103F-16F7-4668-BE54-9A1E7A4F7556}") = "HWYDotNetTrainingBatch1.ConsoleApp2", "HWYDotNetTrainingBatch1.ConsoleApp2\HWYDotNetTrainingBatch1.ConsoleApp2.csproj", "{B860B4C9-1257-4D8E-980C-3AC89C90421D}"
EndProject
Project("{FAE04EC0-301F-11D3-BF4B-00C04F79EFBC}") = "HWYDotNetTrainingBatch1.WinFormsApp", "HWYDotNetTrainingBatch1.WinFormsApp\HWYDotNetTrainingBatch1.WinFormsApp.csproj", "{0BE7330C-9F9C-40A7-8FA7-B09930C0C18E}"
EndProject
Global
	GlobalSection(SolutionConfigurationPlatforms) = preSolution
		Debug|Any CPU = Debug|Any CPU
		Release|Any CPU = Release|Any CPU
	EndGlobalSection
	GlobalSection(ProjectConfigurationPlatforms) = postSolution
		{84E55E71-DE6F-408E-AE0B-2B345F890186}.Debug|Any CPU.ActiveCfg = Debug|Any CPU
		{84E55E71-DE6F-408E-AE0B-2B345F890186}.Debug|Any CPU.Build.0 = Debug|Any CPU
		{84E55E71-DE6F-408E-AE0B-2B345F890186}.Release|Any CPU.ActiveCfg = Release|Any CPU
		{84E55E71-DE6F-408E-AE0B-2B345F890186}.Release|Any CPU.Build.0 = Release|Any CPU
		{B860B4C9-1257-4D8E-980C-3AC89C90421D}.Debug|Any CPU.ActiveCfg = Debug|Any CPU
		{B860B4C9-1257-4D8E-980C-3AC89C90421D}.Debug|Any CPU.Build.0 = Debug|Any CPU
		{B860B4C9-1257-4D8E-980C-3AC89C90421D}.Release|Any CPU.ActiveCfg = Release|Any CPU
		{B860B4C9-1257-4D8E-980C-3AC89C90421D}.Release|Any CPU.Build.0 = Release|Any CPU
		{0BE7330C-9F9C-40A7-8FA7-B09930C0C18E}.Debug|Any CPU.ActiveCfg = Debug|Any CPU
		{0BE7330C-9F9C-40A7-8FA7-B09930C0C18E}.Debug|Any CPU.Build.0 = Debug|Any CPU
		{0BE7330C-9F9C-40A7-8FA7-B09930C0C18E}.Release|Any CPU.ActiveCfg = Release|Any CPU
		{0BE7330C-9F9C-40A7-8FA7-B09930C0C18E}.Release|Any CPU.Build.0 = Release|Any CPU
	EndGlobalSection
	GlobalSection(SolutionProperties) = preSolution
		HideSolutionNode = FALSE
	EndGlobalSection
	GlobalSection(ExtensibilityGlobals) = postSolution
		SolutionGuid = {49A63C91-F9BA-4ECA-BFE4-988753FA092E}
	EndGlobalSection
EndGlobal
